
Microsoft Visual Studio Solution File, Format Version 12.00
# Visual Studio Version 16
VisualStudioVersion = 16.0.32413.511
MinimumVisualStudioVersion = 10.0.40219.1
Project("{FAE04EC0-301F-11D3-BF4B-00C04F79EFBC}") = "Pear", "Pear\Pear.csproj", "{BA0123D5-1209-4DC0-A20A-DAE138A8853F}"
EndProject
Global
	GlobalSection(SolutionConfigurationPlatforms) = preSolution
		Debug|Any CPU = Debug|Any CPU
		Release|Any CPU = Release|Any CPU
	EndGlobalSection
	GlobalSection(ProjectConfigurationPlatforms) = postSolution
		{BA0123D5-1209-4DC0-A20A-DAE138A8853F}.Debug|Any CPU.ActiveCfg = Debug|Any CPU
		{BA0123D5-1209-4DC0-A20A-DAE138A8853F}.Debug|Any CPU.Build.0 = Debug|Any CPU
		{BA0123D5-1209-4DC0-A20A-DAE138A8853F}.Release|Any CPU.ActiveCfg = Release|Any CPU
		{BA0123D5-1209-4DC0-A20A-DAE138A8853F}.Release|Any CPU.Build.0 = Release|Any CPU
	EndGlobalSection
	GlobalSection(SolutionProperties) = preSolution
		HideSolutionNode = FALSE
	EndGlobalSection
	GlobalSection(ExtensibilityGlobals) = postSolution
		SolutionGuid = {5B520732-33E4-46C9-8026-6DE31F201653}
	EndGlobalSection
EndGlobal
